# This file is autogenerated, do not edit; changes may be undone by the next 'dep ensure'.


[[projects]]
  name = "github.com/thoj/go-ircevent"
  packages = ["."]
  revision = "a6b1561a016c2a4aae183c3ef152c25d134c095d"
  version = "0.1"

[[projects]]
  name = "github.com/zeromq/goczmq"
  packages = ["."]
  revision = "98ab09146269d98bc3e427046f5fc222c4134e0b"
  version = "v4.1.0"

[[projects]]
  branch = "v2"
  name = "gopkg.in/yaml.v2"
  packages = ["."]
  revision = "eb3733d160e74a9c7e442f435eb3bea458e1d19f"

[solve-meta]
  analyzer-name = "dep"
  analyzer-version = 1
  inputs-digest = "d602d0013557d9cfb6d04c3799bbe87723d0f8de722ee12c608da9ff7a2c226b"
  solver-name = "gps-cdcl"
  solver-version = 1
